
Microsoft Visual Studio Solution File, Format Version 12.00
# Visual Studio Version 16
VisualStudioVersion = 16.0.33130.400
MinimumVisualStudioVersion = 10.0.40219.1
Project("{FAE04EC0-301F-11D3-BF4B-00C04F79EFBC}") = "MoviesAPI", "MoviesAPI.csproj", "{97EB2109-89E1-48EE-A5B5-6844FAB68828}"
EndProject
Global
	GlobalSection(SolutionConfigurationPlatforms) = preSolution
		Debug|Any CPU = Debug|Any CPU
		Release|Any CPU = Release|Any CPU
	EndGlobalSection
	GlobalSection(ProjectConfigurationPlatforms) = postSolution
		{97EB2109-89E1-48EE-A5B5-6844FAB68828}.Debug|Any CPU.ActiveCfg = Debug|Any CPU
		{97EB2109-89E1-48EE-A5B5-6844FAB68828}.Debug|Any CPU.Build.0 = Debug|Any CPU
		{97EB2109-89E1-48EE-A5B5-6844FAB68828}.Release|Any CPU.ActiveCfg = Release|Any CPU
		{97EB2109-89E1-48EE-A5B5-6844FAB68828}.Release|Any CPU.Build.0 = Release|Any CPU
	EndGlobalSection
	GlobalSection(SolutionProperties) = preSolution
		HideSolutionNode = FALSE
	EndGlobalSection
	GlobalSection(ExtensibilityGlobals) = postSolution
		SolutionGuid = {75DCAD56-8B02-492B-AF0F-889132B4031C}
	EndGlobalSection
EndGlobal
